{
  "name": "income-tax-penalties-frontend",
  "lockfileVersion": 2,
  "requires": true,
  "packages": {
    "": {
      "dependencies": {
        "govuk-frontend": "^5.4.1"
      }
    },
    "node_modules/govuk-frontend": {
      "version": "5.4.1",
      "resolved": "https://registry.npmjs.org/govuk-frontend/-/govuk-frontend-5.4.1.tgz",
      "integrity": "sha512-Gmd8LV++TRh9OF6tA+9KQTpwvlsLcri7qRjViz9ji4YuwZvX+c9TD7tyE+dnJcqsQsJfhr9Fp38m3Hu3H7EIcQ==",
      "engines": {
        "node": ">= 4.2.0"
      }
    }
  },
  "dependencies": {
    "govuk-frontend": {
      "version": "5.4.1",
      "resolved": "https://registry.npmjs.org/govuk-frontend/-/govuk-frontend-5.4.1.tgz",
      "integrity": "sha512-Gmd8LV++TRh9OF6tA+9KQTpwvlsLcri7qRjViz9ji4YuwZvX+c9TD7tyE+dnJcqsQsJfhr9Fp38m3Hu3H7EIcQ=="
    }
  }
}
